
Microsoft Visual Studio Solution File, Format Version 12.00
# Visual Studio 15
VisualStudioVersion = 15.0.28010.2016
MinimumVisualStudioVersion = 10.0.40219.1
Project("{FAE04EC0-301F-11D3-BF4B-00C04F79EFBC}") = "Lab4", "Lab4\Lab4.csproj", "{7D709598-DC56-46E0-9122-1403554DD972}"
EndProject
Global
	GlobalSection(SolutionConfigurationPlatforms) = preSolution
		Debug|Any CPU = Debug|Any CPU
		Release|Any CPU = Release|Any CPU
	EndGlobalSection
	GlobalSection(ProjectConfigurationPlatforms) = postSolution
		{7D709598-DC56-46E0-9122-1403554DD972}.Debug|Any CPU.ActiveCfg = Debug|Any CPU
		{7D709598-DC56-46E0-9122-1403554DD972}.Debug|Any CPU.Build.0 = Debug|Any CPU
		{7D709598-DC56-46E0-9122-1403554DD972}.Release|Any CPU.ActiveCfg = Release|Any CPU
		{7D709598-DC56-46E0-9122-1403554DD972}.Release|Any CPU.Build.0 = Release|Any CPU
	EndGlobalSection
	GlobalSection(SolutionProperties) = preSolution
		HideSolutionNode = FALSE
	EndGlobalSection
	GlobalSection(ExtensibilityGlobals) = postSolution
		SolutionGuid = {BC3201D2-8B68-4CFF-B15D-39B1478B2A7F}
	EndGlobalSection
EndGlobal
